filippo.io/edwards25519 v1.1.0 h1:FNf4tywRC1HmFuKW5xopWpigGjJKiJSV0Cqo0cJWDaA=
filippo.io/edwards25519 v1.1.0/go.mod h1:BxyFTGdWcka3PhytdK4V28tE5sGfRvvvRV7EaN4VDT4=
github.com/donnie4w/gdao v0.0.0-20240723175049-748c5b345351 h1:9FrFQgJh9p3dalnyTr0aynBkM6yE2O971pm3TLfEWUk=
github.com/donnie4w/gdao v0.0.0-20240723175049-748c5b345351/go.mod h1:eSAOMmTPwUjB0lKybxQ8M3RJTJHrPqdxajNhqXLN1/M=
github.com/donnie4w/gofer v0.0.0-20240319022744-3a9079ccc237 h1:cJu7/TlKtu8tI1uAr329Da5CBjFWQLpFkjcgBP1VSrg=
github.com/donnie4w/gofer v0.0.0-20240319022744-3a9079ccc237/go.mod h1:ijzUyHWP/O9/oEi6iq3x0+Xx3AwlWbkV9YtNn4k1Fso=
github.com/donnie4w/gothrift v0.0.1 h1:fWkZG/nsYyGP8lWdQVmFIqKxY/ghpRDgUhSgtgzk/Zc=
github.com/donnie4w/gothrift v0.0.1/go.mod h1:Uc0QnOpnPQy7TT2yFi1EZPi09gLPClsoh5hVOndJ4l0=
github.com/donnie4w/simplelog v0.0.6 h1:TDCLm+RBwYR9anu3zHX/9RssyqAw3sbfKUwGkd9JKtE=
github.com/donnie4w/simplelog v0.0.6/go.mod h1:rBZ2CzMlZ0KF8vgjY/zDzuNRtoebYDoy4zXapyWk3EM=
github.com/go-sql-driver/mysql v1.8.1 h1:LedoTUt/eveggdHS9qUFC1EFSa8bU2+1pZjSRpvNJ1Y=
github.com/go-sql-driver/mysql v1.8.1/go.mod h1:wEBSXgmK//2ZFJyE+qWnIsVGmvmEKlqwuVSjsCm7DZg=
github.com/golang/snappy v0.0.4 h1:yAGX7huGHXlcLOEtBnF4w7FQwA26wojNCwOYAEhLjQM=
github.com/golang/snappy v0.0.4/go.mod h1:/XxbfmMg8lxefKM7IXC3fBNl/7bRcc72aCRzEWrmP2Q=
github.com/lib/pq v1.10.9 h1:YXG7RB+JIjhP29X+OtkiDnYaXQwpS4JEWq7dtCCRUEw=
github.com/lib/pq v1.10.9/go.mod h1:AlVN5x4E4T544tWzH6hKfbfQvm3HdbOxrmggDNAPY9o=
github.com/mattn/go-sqlite3 v1.14.22 h1:2gZY6PC6kBnID23Tichd1K+Z0oS6nE/XwU+Vz/5o4kU=
github.com/mattn/go-sqlite3 v1.14.22/go.mod h1:Uh1q+B4BYcTPb+yiD3kU8Ct7aC0hY9fxUwlHK0RXw+Y=
golang.org/x/exp v0.0.0-20240222234643-814bf88cf225 h1:LfspQV/FYTatPTr/3HzIcmiUFH7PGP+OQ6mgDYo3yuQ=
golang.org/x/exp v0.0.0-20240222234643-814bf88cf225/go.mod h1:CxmFvTBINI24O/j8iY7H1xHzx2i4OsyguNBmN/uPtqc=
